
Microsoft Visual Studio Solution File, Format Version 12.00
# Visual Studio Version 16
VisualStudioVersion = 16.0.31105.61
MinimumVisualStudioVersion = 10.0.40219.1
Project("{FAE04EC0-301F-11D3-BF4B-00C04F79EFBC}") = "Wba.Boeken.Web", "Wba.Boeken.Web\Wba.Boeken.Web.csproj", "{20E9367F-B5B3-4CC0-90B2-4E368CA2A7F1}"
EndProject
Project("{FAE04EC0-301F-11D3-BF4B-00C04F79EFBC}") = "Wba.Boeken.Lib", "Wba.Boeken.Lib\Wba.Boeken.Lib.csproj", "{45453EF7-8106-48A2-A61D-DF1CCDE4FE2B}"
EndProject
Global
	GlobalSection(SolutionConfigurationPlatforms) = preSolution
		Debug|Any CPU = Debug|Any CPU
		Release|Any CPU = Release|Any CPU
	EndGlobalSection
	GlobalSection(ProjectConfigurationPlatforms) = postSolution
		{20E9367F-B5B3-4CC0-90B2-4E368CA2A7F1}.Debug|Any CPU.ActiveCfg = Debug|Any CPU
		{20E9367F-B5B3-4CC0-90B2-4E368CA2A7F1}.Debug|Any CPU.Build.0 = Debug|Any CPU
		{20E9367F-B5B3-4CC0-90B2-4E368CA2A7F1}.Release|Any CPU.ActiveCfg = Release|Any CPU
		{20E9367F-B5B3-4CC0-90B2-4E368CA2A7F1}.Release|Any CPU.Build.0 = Release|Any CPU
		{45453EF7-8106-48A2-A61D-DF1CCDE4FE2B}.Debug|Any CPU.ActiveCfg = Debug|Any CPU
		{45453EF7-8106-48A2-A61D-DF1CCDE4FE2B}.Debug|Any CPU.Build.0 = Debug|Any CPU
		{45453EF7-8106-48A2-A61D-DF1CCDE4FE2B}.Release|Any CPU.ActiveCfg = Release|Any CPU
		{45453EF7-8106-48A2-A61D-DF1CCDE4FE2B}.Release|Any CPU.Build.0 = Release|Any CPU
	EndGlobalSection
	GlobalSection(SolutionProperties) = preSolution
		HideSolutionNode = FALSE
	EndGlobalSection
	GlobalSection(ExtensibilityGlobals) = postSolution
		SolutionGuid = {3D8636D6-5870-4FE9-B153-F744DA0B803A}
	EndGlobalSection
EndGlobal
